
Microsoft Visual Studio Solution File, Format Version 12.00
# Visual Studio Version 17
VisualStudioVersion = 17.12.35728.132 d17.12
MinimumVisualStudioVersion = 10.0.40219.1
Project("{FAE04EC0-301F-11D3-BF4B-00C04F79EFBC}") = "Practice.PresentationLayer", "Practice.PresentationLayer.csproj", "{DD361C8A-9A59-4DCA-9BD2-06CE272399F3}"
EndProject
Project("{FAE04EC0-301F-11D3-BF4B-00C04F79EFBC}") = "Practice.BusinessLogicLayer", "..\Practice.BusinessLogicLayer\Practice.BusinessLogicLayer.csproj", "{F9D984D4-25C9-4B73-800A-9BEA14F4C788}"
EndProject
Project("{FAE04EC0-301F-11D3-BF4B-00C04F79EFBC}") = "Practice.DataAccessLayer", "..\Practice.DataAccessLayer\Practice.DataAccessLayer.csproj", "{F8C66DC0-F99F-4106-84B2-87091215EF58}"
EndProject
Global
	GlobalSection(SolutionConfigurationPlatforms) = preSolution
		Debug|Any CPU = Debug|Any CPU
		Release|Any CPU = Release|Any CPU
	EndGlobalSection
	GlobalSection(ProjectConfigurationPlatforms) = postSolution
		{DD361C8A-9A59-4DCA-9BD2-06CE272399F3}.Debug|Any CPU.ActiveCfg = Debug|Any CPU
		{DD361C8A-9A59-4DCA-9BD2-06CE272399F3}.Debug|Any CPU.Build.0 = Debug|Any CPU
		{DD361C8A-9A59-4DCA-9BD2-06CE272399F3}.Release|Any CPU.ActiveCfg = Release|Any CPU
		{DD361C8A-9A59-4DCA-9BD2-06CE272399F3}.Release|Any CPU.Build.0 = Release|Any CPU
		{F9D984D4-25C9-4B73-800A-9BEA14F4C788}.Debug|Any CPU.ActiveCfg = Debug|Any CPU
		{F9D984D4-25C9-4B73-800A-9BEA14F4C788}.Debug|Any CPU.Build.0 = Debug|Any CPU
		{F9D984D4-25C9-4B73-800A-9BEA14F4C788}.Release|Any CPU.ActiveCfg = Release|Any CPU
		{F9D984D4-25C9-4B73-800A-9BEA14F4C788}.Release|Any CPU.Build.0 = Release|Any CPU
		{F8C66DC0-F99F-4106-84B2-87091215EF58}.Debug|Any CPU.ActiveCfg = Debug|Any CPU
		{F8C66DC0-F99F-4106-84B2-87091215EF58}.Debug|Any CPU.Build.0 = Debug|Any CPU
		{F8C66DC0-F99F-4106-84B2-87091215EF58}.Release|Any CPU.ActiveCfg = Release|Any CPU
		{F8C66DC0-F99F-4106-84B2-87091215EF58}.Release|Any CPU.Build.0 = Release|Any CPU
	EndGlobalSection
	GlobalSection(SolutionProperties) = preSolution
		HideSolutionNode = FALSE
	EndGlobalSection
EndGlobal
